
Microsoft Visual Studio Solution File, Format Version 12.00
# Visual Studio Version 16
VisualStudioVersion = 16.0.31702.278
MinimumVisualStudioVersion = 10.0.40219.1
Project("{FAE04EC0-301F-11D3-BF4B-00C04F79EFBC}") = "CBReader", "CBReader\CBReader.csproj", "{131ECE59-FEA3-423C-86B4-0F6025A362F7}"
EndProject
Project("{FAE04EC0-301F-11D3-BF4B-00C04F79EFBC}") = "CBReaderTests", "CBReaderTests\CBReaderTests.csproj", "{8D156E8E-AAFD-402A-B695-6EC34F1A78E5}"
EndProject
Global
	GlobalSection(SolutionConfigurationPlatforms) = preSolution
		Debug|Any CPU = Debug|Any CPU
		Release|Any CPU = Release|Any CPU
	EndGlobalSection
	GlobalSection(ProjectConfigurationPlatforms) = postSolution
		{131ECE59-FEA3-423C-86B4-0F6025A362F7}.Debug|Any CPU.ActiveCfg = Debug|Any CPU
		{131ECE59-FEA3-423C-86B4-0F6025A362F7}.Debug|Any CPU.Build.0 = Debug|Any CPU
		{131ECE59-FEA3-423C-86B4-0F6025A362F7}.Release|Any CPU.ActiveCfg = Release|Any CPU
		{131ECE59-FEA3-423C-86B4-0F6025A362F7}.Release|Any CPU.Build.0 = Release|Any CPU
		{8D156E8E-AAFD-402A-B695-6EC34F1A78E5}.Debug|Any CPU.ActiveCfg = Debug|Any CPU
		{8D156E8E-AAFD-402A-B695-6EC34F1A78E5}.Debug|Any CPU.Build.0 = Debug|Any CPU
		{8D156E8E-AAFD-402A-B695-6EC34F1A78E5}.Release|Any CPU.ActiveCfg = Release|Any CPU
		{8D156E8E-AAFD-402A-B695-6EC34F1A78E5}.Release|Any CPU.Build.0 = Release|Any CPU
	EndGlobalSection
	GlobalSection(SolutionProperties) = preSolution
		HideSolutionNode = FALSE
	EndGlobalSection
	GlobalSection(ExtensibilityGlobals) = postSolution
		SolutionGuid = {5FD338F1-9F68-4B14-AEC5-4F967D8A6E71}
	EndGlobalSection
EndGlobal
